
Microsoft Visual Studio Solution File, Format Version 12.00
# Visual Studio 15
VisualStudioVersion = 15.0.28010.2016
MinimumVisualStudioVersion = 10.0.40219.1
Project("{FAE04EC0-301F-11D3-BF4B-00C04F79EFBC}") = "SeahawkVotes", "SeahawkVotes\SeahawkVotes.csproj", "{F4CB974F-63CC-43B4-9296-9C8404A7D52B}"
EndProject
Global
	GlobalSection(SolutionConfigurationPlatforms) = preSolution
		Debug|Any CPU = Debug|Any CPU
		Release|Any CPU = Release|Any CPU
	EndGlobalSection
	GlobalSection(ProjectConfigurationPlatforms) = postSolution
		{F4CB974F-63CC-43B4-9296-9C8404A7D52B}.Debug|Any CPU.ActiveCfg = Debug|Any CPU
		{F4CB974F-63CC-43B4-9296-9C8404A7D52B}.Debug|Any CPU.Build.0 = Debug|Any CPU
		{F4CB974F-63CC-43B4-9296-9C8404A7D52B}.Release|Any CPU.ActiveCfg = Release|Any CPU
		{F4CB974F-63CC-43B4-9296-9C8404A7D52B}.Release|Any CPU.Build.0 = Release|Any CPU
	EndGlobalSection
	GlobalSection(SolutionProperties) = preSolution
		HideSolutionNode = FALSE
	EndGlobalSection
	GlobalSection(ExtensibilityGlobals) = postSolution
		SolutionGuid = {E2B7E2EE-B511-4078-8E83-EB32FDAC1B81}
	EndGlobalSection
EndGlobal
